
Microsoft Visual Studio Solution File, Format Version 12.00
# Visual Studio Version 17
VisualStudioVersion = 17.4.33213.308
MinimumVisualStudioVersion = 10.0.40219.1
Project("{8BC9CEB8-8B4A-11D0-8D11-00A0C91BC942}") = "dll injector", "dll injector\dll injector.vcxproj", "{1BB349F9-0EDE-4E3E-B74F-7CCEB8A72392}"
EndProject
Global
	GlobalSection(SolutionConfigurationPlatforms) = preSolution
		Debug|x64 = Debug|x64
		Debug|x86 = Debug|x86
		Release|x64 = Release|x64
		Release|x86 = Release|x86
	EndGlobalSection
	GlobalSection(ProjectConfigurationPlatforms) = postSolution
		{1BB349F9-0EDE-4E3E-B74F-7CCEB8A72392}.Debug|x64.ActiveCfg = Debug|x64
		{1BB349F9-0EDE-4E3E-B74F-7CCEB8A72392}.Debug|x64.Build.0 = Debug|x64
		{1BB349F9-0EDE-4E3E-B74F-7CCEB8A72392}.Debug|x86.ActiveCfg = Debug|Win32
		{1BB349F9-0EDE-4E3E-B74F-7CCEB8A72392}.Debug|x86.Build.0 = Debug|Win32
		{1BB349F9-0EDE-4E3E-B74F-7CCEB8A72392}.Release|x64.ActiveCfg = Release|x64
		{1BB349F9-0EDE-4E3E-B74F-7CCEB8A72392}.Release|x64.Build.0 = Release|x64
		{1BB349F9-0EDE-4E3E-B74F-7CCEB8A72392}.Release|x86.ActiveCfg = Release|Win32
		{1BB349F9-0EDE-4E3E-B74F-7CCEB8A72392}.Release|x86.Build.0 = Release|Win32
	EndGlobalSection
	GlobalSection(SolutionProperties) = preSolution
		HideSolutionNode = FALSE
	EndGlobalSection
	GlobalSection(ExtensibilityGlobals) = postSolution
		SolutionGuid = {8A059D9C-7CFD-4976-90FA-EC0F72AAE596}
	EndGlobalSection
EndGlobal
